
Microsoft Visual Studio Solution File, Format Version 12.00
# Visual Studio Version 16
VisualStudioVersion = 16.0.31702.278
MinimumVisualStudioVersion = 10.0.40219.1
Project("{FAE04EC0-301F-11D3-BF4B-00C04F79EFBC}") = "TesteGit", "TesteGit\TesteGit.csproj", "{17591B45-E3B4-4F6B-B0F0-CC709E0A1064}"
EndProject
Global
	GlobalSection(SolutionConfigurationPlatforms) = preSolution
		Debug|Any CPU = Debug|Any CPU
		Release|Any CPU = Release|Any CPU
	EndGlobalSection
	GlobalSection(ProjectConfigurationPlatforms) = postSolution
		{17591B45-E3B4-4F6B-B0F0-CC709E0A1064}.Debug|Any CPU.ActiveCfg = Debug|Any CPU
		{17591B45-E3B4-4F6B-B0F0-CC709E0A1064}.Debug|Any CPU.Build.0 = Debug|Any CPU
		{17591B45-E3B4-4F6B-B0F0-CC709E0A1064}.Release|Any CPU.ActiveCfg = Release|Any CPU
		{17591B45-E3B4-4F6B-B0F0-CC709E0A1064}.Release|Any CPU.Build.0 = Release|Any CPU
	EndGlobalSection
	GlobalSection(SolutionProperties) = preSolution
		HideSolutionNode = FALSE
	EndGlobalSection
	GlobalSection(ExtensibilityGlobals) = postSolution
		SolutionGuid = {3EE8989D-71C3-4A8E-9439-A851C2C2A474}
	EndGlobalSection
EndGlobal
